# This file was autogenerated by uv via the following command:
#    uv pip compile requirements.txt -o requirements.lock --python-version 3.12
affine==3.0.1
    # via
    #   rasterio
    #   rasterstats
aiohappyeyeballs==2.7.1
    # via aiohttp
aiohttp==3.14.3
    # via -r requirements.txt
aiosignal==1.4.0
    # via aiohttp
aiosqlite==0.22.1
    # via -r requirements.txt
alembic==1.20.0
    # via -r requirements.txt
amqp==5.3.1
    # via kombu
annotated-doc==0.0.5
    # via
    #   fastapi
    #   typer
annotated-types==0.8.0
    # via pydantic
anyio==4.15.1
    # via
    #   httpx
    #   starlette
    #   watchfiles
asyncpg==0.31.0
    # via -r requirements.txt
attrs==26.1.0
    # via
    #   affine
    #   aiohttp
    #   jsonschema
    #   rasterio
    #   referencing
beautifulsoup4==4.15.0
    # via libpysal
billiard==4.3.0
    # via celery
brotli==1.2.0
    # via fonttools
celery==5.6.3
    # via -r requirements.txt
certifi==2026.7.22
    # via
    #   httpcore
    #   httpx
    #   pyogrio
    #   pyproj
    #   rasterio
    #   requests
cffi==2.1.1
    # via
    #   cryptography
    #   weasyprint
charset-normalizer==3.5.1
    # via requests
click==8.5.0
    # via
    #   celery
    #   click-didyoumean
    #   click-plugins
    #   click-repl
    #   cligj
    #   duckduckgo-search
    #   huggingface-hub
    #   rasterio
    #   rasterstats
    #   uvicorn
click-didyoumean==0.3.1
    # via celery
click-plugins==1.1.1.2
    # via celery
click-repl==0.4.0
    # via celery
cligj==0.7.2
    # via rasterstats
cloudpickle==3.1.2
    # via joblib
colorama==0.4.6
    # via
    #   tqdm
    #   typer
contourpy==1.4.0
    # via matplotlib
cryptography==50.0.1
    # via -r requirements.txt
cssselect2==0.10.1
    # via weasyprint
cycler==0.12.1
    # via matplotlib
defusedxml==0.7.1
    # via -r requirements.txt
duckduckgo-search==8.1.1
    # via -r requirements.txt
esda==2.10.0
    # via -r requirements.txt
faiss-cpu==1.15.1
    # via -r requirements.txt
fastapi==0.141.1
    # via -r requirements.txt
filelock==4.0.0
    # via
    #   huggingface-hub
    #   torch
fonttools==4.65.0
    # via
    #   matplotlib
    #   weasyprint
frozenlist==1.8.0
    # via
    #   aiohttp
    #   aiosignal
fsspec==2026.7.0
    # via
    #   huggingface-hub
    #   torch
geopandas==1.1.4
    # via
    #   -r requirements.txt
    #   esda
    #   libpysal
greenlet==3.5.6
    # via sqlalchemy
h11==0.16.0
    # via
    #   httpcore
    #   uvicorn
h3==4.5.0
    # via -r requirements.txt
hf-xet==1.6.0
    # via huggingface-hub
httpcore==1.0.9
    # via httpx
httptools==0.8.0
    # via uvicorn
httpx==0.28.1
    # via
    #   -r requirements.txt
    #   huggingface-hub
huggingface-hub==1.32.0
    # via
    #   sentence-transformers
    #   tokenizers
    #   transformers
idna==3.20
    # via
    #   anyio
    #   httpx
    #   requests
    #   yarl
ijson==3.5.1
    # via -r requirements.txt
jinja2==3.1.6
    # via
    #   -r requirements.txt
    #   libpysal
    #   torch
joblib==1.6.0
    # via scikit-learn
jsonschema==4.26.0
    # via pystac
jsonschema-specifications==2025.9.1
    # via jsonschema
kiwisolver==1.5.1
    # via matplotlib
kombu==5.6.2
    # via celery
libpysal==4.15.0
    # via
    #   -r requirements.txt
    #   esda
lxml==6.1.3
    # via duckduckgo-search
mako==1.4.1
    # via alembic
markdown-it-py==4.2.0
    # via rich
markupsafe==3.0.3
    # via
    #   jinja2
    #   mako
matplotlib==3.11.2
    # via -r requirements.txt
mdurl==0.1.2
    # via markdown-it-py
mpmath==1.3.0
    # via sympy
multidict==6.8.0
    # via
    #   aiohttp
    #   yarl
narwhals==2.26.0
    # via scikit-learn
networkx==3.6.1
    # via
    #   -r requirements.txt
    #   torch
numexpr==2.14.2
    # via -r requirements.txt
numpy==2.5.3
    # via
    #   -r requirements.txt
    #   contourpy
    #   esda
    #   faiss-cpu
    #   geopandas
    #   libpysal
    #   matplotlib
    #   numexpr
    #   pandas
    #   pyogrio
    #   rasterio
    #   rasterstats
    #   scikit-learn
    #   scipy
    #   sentence-transformers
    #   shapely
    #   transformers
osmium==4.3.1
    # via -r requirements.txt
packaging==26.3
    # via
    #   faiss-cpu
    #   geopandas
    #   huggingface-hub
    #   kombu
    #   libpysal
    #   matplotlib
    #   pyogrio
    #   transformers
pandas==2.3.3
    # via
    #   -r requirements.txt
    #   esda
    #   geopandas
    #   libpysal
pillow==12.3.0
    # via
    #   -r requirements.txt
    #   matplotlib
    #   weasyprint
platformdirs==4.11.10
    # via libpysal
primp==2.0.1
    # via duckduckgo-search
prometheus-client==0.26.0
    # via
    #   -r requirements.txt
    #   prometheus-fastapi-instrumentator
prometheus-fastapi-instrumentator==8.1.0
    # via -r requirements.txt
prompt-toolkit==3.0.53
    # via click-repl
propcache==0.5.4
    # via
    #   aiohttp
    #   yarl
psycopg2-binary==2.9.13
    # via -r requirements.txt
pycparser==3.0
    # via cffi
pydantic==2.13.5
    # via
    #   -r requirements.txt
    #   fastapi
    #   pydantic-settings
pydantic-core==2.46.5
    # via pydantic
pydantic-settings==2.15.0
    # via -r requirements.txt
pydyf==0.12.1
    # via weasyprint
pygments==2.21.0
    # via rich
pyjwt==2.14.0
    # via -r requirements.txt
pyogrio==0.13.0
    # via
    #   -r requirements.txt
    #   geopandas
    #   rasterstats
pyparsing==3.3.2
    # via
    #   matplotlib
    #   rasterio
pypdf==6.19.0
    # via -r requirements.txt
pyphen==0.18.1
    # via weasyprint
pyproj==3.8.0
    # via geopandas
pystac==1.15.2
    # via pystac-client
pystac-client==0.9.0
    # via -r requirements.txt
pystac-core==1.15.2
    # via
    #   pystac
    #   pystac-ext-classification
    #   pystac-ext-datacube
    #   pystac-ext-eo
    #   pystac-ext-file
    #   pystac-ext-grid
    #   pystac-ext-item-assets
    #   pystac-ext-label
    #   pystac-ext-mgrs
    #   pystac-ext-mlm
    #   pystac-ext-pointcloud
    #   pystac-ext-projection
    #   pystac-ext-raster
    #   pystac-ext-render
    #   pystac-ext-sar
    #   pystac-ext-sat
    #   pystac-ext-scientific
    #   pystac-ext-storage
    #   pystac-ext-table
    #   pystac-ext-timestamps
    #   pystac-ext-version
    #   pystac-ext-view
    #   pystac-ext-xarray-assets
pystac-ext-classification==2.0.1
    # via
    #   pystac
    #   pystac-ext-mlm
pystac-ext-datacube==2.2.1
    # via pystac
pystac-ext-eo==1.1.1
    # via pystac
pystac-ext-file==2.1.1
    # via pystac
pystac-ext-grid==1.1.1
    # via pystac
pystac-ext-item-assets==1.0.1
    # via pystac
pystac-ext-label==1.0.2
    # via pystac
pystac-ext-mgrs==1.0.1
    # via pystac
pystac-ext-mlm==1.4.1
    # via pystac
pystac-ext-pointcloud==1.0.1
    # via pystac
pystac-ext-projection==2.0.1
    # via
    #   pystac
    #   pystac-ext-eo
pystac-ext-raster==1.1.1
    # via
    #   pystac
    #   pystac-ext-classification
    #   pystac-ext-mlm
pystac-ext-render==2.0.0
    # via pystac
pystac-ext-sar==1.0.1
    # via pystac
pystac-ext-sat==1.0.1
    # via pystac
pystac-ext-scientific==1.0.1
    # via pystac
pystac-ext-storage==2.0.1
    # via pystac
pystac-ext-table==1.2.1
    # via pystac
pystac-ext-timestamps==1.1.1
    # via pystac
pystac-ext-version==1.2.1
    # via pystac
pystac-ext-view==1.0.1
    # via
    #   pystac
    #   pystac-ext-eo
pystac-ext-xarray-assets==1.0.1
    # via pystac
python-dateutil==2.9.0.post0
    # via
    #   celery
    #   matplotlib
    #   pandas
    #   pystac-client
    #   pystac-core
python-dotenv==1.2.3
    # via
    #   -r requirements.txt
    #   pydantic-settings
    #   uvicorn
python-multipart==0.0.32
    # via -r requirements.txt
pytz==2026.3.post1
    # via pandas
pyyaml==6.0.3
    # via
    #   -r requirements.txt
    #   huggingface-hub
    #   transformers
    #   uvicorn
rasterio==1.5.1
    # via
    #   -r requirements.txt
    #   rasterstats
rasterstats==0.21.0
    # via -r requirements.txt
redis==8.1.0
    # via -r requirements.txt
referencing==0.37.0
    # via
    #   jsonschema
    #   jsonschema-specifications
regex==2026.9.10
    # via
    #   tiktoken
    #   transformers
requests==2.34.2
    # via
    #   -r requirements.txt
    #   libpysal
    #   osmium
    #   pystac-client
    #   tiktoken
rich==15.0.0
    # via
    #   -r requirements.txt
    #   typer
rpds-py==2026.6.3
    # via
    #   jsonschema
    #   referencing
safetensors==0.8.0
    # via transformers
scikit-learn==1.9.1
    # via
    #   -r requirements.txt
    #   esda
    #   libpysal
    #   sentence-transformers
scipy==1.18.1
    # via
    #   -r requirements.txt
    #   esda
    #   libpysal
    #   scikit-learn
    #   sentence-transformers
sentence-transformers==6.0.1
    # via -r requirements.txt
setuptools==84.0.0
    # via torch
shapely==2.1.2
    # via
    #   -r requirements.txt
    #   esda
    #   geopandas
    #   libpysal
    #   rasterstats
shellingham==1.5.4
    # via typer
simplejson==4.1.2
    # via rasterstats
six==1.17.0
    # via python-dateutil
soupsieve==2.9.2
    # via beautifulsoup4
sqlalchemy==2.0.54
    # via
    #   -r requirements.txt
    #   alembic
starlette==1.6.0
    # via
    #   -r requirements.txt
    #   fastapi
    #   prometheus-fastapi-instrumentator
sympy==1.14.0
    # via torch
threadpoolctl==3.7.0
    # via scikit-learn
tiktoken==0.14.0
    # via -r requirements.txt
tinycss2==1.5.1
    # via
    #   cssselect2
    #   weasyprint
tinyhtml5==2.1.0
    # via weasyprint
tokenizers==0.23.2
    # via
    #   sentence-transformers
    #   transformers
torch==2.14.0
    # via sentence-transformers
tqdm==4.70.1
    # via
    #   huggingface-hub
    #   sentence-transformers
    #   transformers
transformers==5.17.0
    # via sentence-transformers
typer==0.27.2
    # via transformers
typing-extensions==4.16.0
    # via
    #   aiohttp
    #   aiosignal
    #   alembic
    #   anyio
    #   beautifulsoup4
    #   click-repl
    #   fastapi
    #   huggingface-hub
    #   pydantic
    #   pydantic-core
    #   referencing
    #   sentence-transformers
    #   sqlalchemy
    #   starlette
    #   torch
    #   typing-inspection
typing-inspection==0.4.4
    # via
    #   fastapi
    #   pydantic
    #   pydantic-settings
tzdata==2026.4
    # via
    #   kombu
    #   pandas
    #   tzlocal
tzlocal==5.4.4
    # via celery
urllib3==2.8.0
    # via requests
uvicorn==0.53.0
    # via -r requirements.txt
vine==5.1.0
    # via
    #   amqp
    #   celery
    #   kombu
watchfiles==1.2.0
    # via uvicorn
wcwidth==0.8.4
    # via prompt-toolkit
weasyprint==70.0
    # via -r requirements.txt
webencodings==0.6.1
    # via
    #   cssselect2
    #   tinycss2
    #   tinyhtml5
websockets==17.1
    # via uvicorn
yarl==1.25.1
    # via aiohttp
zopfli==0.4.3
    # via fonttools
